
Microsoft Visual Studio Solution File, Format Version 12.00
# Visual Studio Version 16
VisualStudioVersion = 16.0.30804.86
MinimumVisualStudioVersion = 10.0.40219.1
Project("{FAE04EC0-301F-11D3-BF4B-00C04F79EFBC}") = "designpatternsDio", "designpatternsDio\designpatternsDio.csproj", "{A6BAAB7D-E8A5-4F6A-87A6-394FCDCFBC7C}"
EndProject
Global
	GlobalSection(SolutionConfigurationPlatforms) = preSolution
		Debug|Any CPU = Debug|Any CPU
		Release|Any CPU = Release|Any CPU
	EndGlobalSection
	GlobalSection(ProjectConfigurationPlatforms) = postSolution
		{A6BAAB7D-E8A5-4F6A-87A6-394FCDCFBC7C}.Debug|Any CPU.ActiveCfg = Debug|Any CPU
		{A6BAAB7D-E8A5-4F6A-87A6-394FCDCFBC7C}.Debug|Any CPU.Build.0 = Debug|Any CPU
		{A6BAAB7D-E8A5-4F6A-87A6-394FCDCFBC7C}.Release|Any CPU.ActiveCfg = Release|Any CPU
		{A6BAAB7D-E8A5-4F6A-87A6-394FCDCFBC7C}.Release|Any CPU.Build.0 = Release|Any CPU
	EndGlobalSection
	GlobalSection(SolutionProperties) = preSolution
		HideSolutionNode = FALSE
	EndGlobalSection
	GlobalSection(ExtensibilityGlobals) = postSolution
		SolutionGuid = {5BDC55EA-E87D-4AF0-9A3E-4FB3F6C89735}
	EndGlobalSection
EndGlobal
